
Microsoft Visual Studio Solution File, Format Version 12.00
# Visual Studio Version 16
VisualStudioVersion = 16.0.30523.141
MinimumVisualStudioVersion = 10.0.40219.1
Project("{FAE04EC0-301F-11D3-BF4B-00C04F79EFBC}") = "Clicker", "Clicker.csproj", "{73706F23-BA54-4040-8322-ED42DD8BB45C}"
EndProject
Global
	GlobalSection(SolutionConfigurationPlatforms) = preSolution
		Debug|Any CPU = Debug|Any CPU
		Release|Any CPU = Release|Any CPU
	EndGlobalSection
	GlobalSection(ProjectConfigurationPlatforms) = postSolution
		{73706F23-BA54-4040-8322-ED42DD8BB45C}.Debug|Any CPU.ActiveCfg = Debug|Any CPU
		{73706F23-BA54-4040-8322-ED42DD8BB45C}.Debug|Any CPU.Build.0 = Debug|Any CPU
		{73706F23-BA54-4040-8322-ED42DD8BB45C}.Release|Any CPU.ActiveCfg = Release|Any CPU
		{73706F23-BA54-4040-8322-ED42DD8BB45C}.Release|Any CPU.Build.0 = Release|Any CPU
	EndGlobalSection
	GlobalSection(SolutionProperties) = preSolution
		HideSolutionNode = FALSE
	EndGlobalSection
	GlobalSection(ExtensibilityGlobals) = postSolution
		SolutionGuid = {EC886A8A-9368-42EB-997F-771CB32B8FC4}
	EndGlobalSection
EndGlobal
